{
  "name": "@prightcord/switchyard",
  "version": "0.1.1",
  "lockfileVersion": 3,
  "requires": true,
  "packages": {
    "": {
      "name": "@prightcord/switchyard",
      "version": "0.1.1",
      "devDependencies": {
        "@biomejs/biome": "2.5.13",
        "@types/node": "22.20.4",
        "tsx": "4.23.15",
        "typescript": "6.0.3"
      },
      "engines": {
        "node": ">=22.19"
      },
      "bin": {
        "switchyard": "./bin/switchyard.mjs"
      }
    },
    "node_modules/@biomejs/biome": {
      "version": "2.5.13",
      "dev": true,
      "hasInstallScript": false,
      "bin": {
        "biome": "bin/biome"
      },
      "engines": {
        "node": ">=14.21.3"
      },
      "optionalDependencies": {
        "@biomejs/cli-darwin-arm64": "2.5.13",
        "@biomejs/cli-darwin-x64": "2.5.13",
        "@biomejs/cli-linux-arm64": "2.5.13",
        "@biomejs/cli-linux-x64": "2.5.13"
      }
    },
    "node_modules/@types/node": {
      "version": "22.20.4",
      "dev": true,
      "dependencies": {
        "undici-types": "~6.21.0"
      }
    },
    "node_modules/esbuild": {
      "version": "0.28.2",
      "dev": true,
      "hasInstallScript": true,
      "bin": {
        "esbuild": "bin/esbuild"
      },
      "engines": {
        "node": ">=18"
      },
      "optionalDependencies": {
        "@esbuild/darwin-arm64": "0.28.2",
        "@esbuild/darwin-x64": "0.28.2",
        "@esbuild/linux-arm64": "0.28.2",
        "@esbuild/linux-x64": "0.28.2"
      }
    },
    "node_modules/fsevents": {
      "version": "2.3.3",
      "dev": true,
      "optional": true,
      "os": [
        "darwin"
      ],
      "engines": {
        "node": "^8.16.0 || ^10.6.0 || >=11.0.0"
      }
    },
    "node_modules/tsx": {
      "version": "4.23.15",
      "dev": true,
      "dependencies": {
        "esbuild": "~0.28.0"
      },
      "optionalDependencies": {
        "fsevents": "~2.3.3"
      },
      "bin": {
        "tsx": "dist/cli.mjs"
      },
      "engines": {
        "node": ">=18.0.0"
      }
    },
    "node_modules/typescript": {
      "version": "6.0.3",
      "resolved": "https://registry.npmjs.org/typescript/-/typescript-6.0.3.tgz",
      "integrity": "sha512-y2TvuxSZPDyQakkFRPZHKFm+KKVqIisdg9/CZwm9ftvKXLP8NRWj38/ODjNbr43SsoXqNuAisEf1GdCxqWcdBw==",
      "dev": true,
      "license": "Apache-2.0",
      "bin": {
        "tsc": "bin/tsc",
        "tsserver": "bin/tsserver"
      },
      "engines": {
        "node": ">=14.17"
      }
    },
    "node_modules/undici-types": {
      "version": "6.21.0",
      "dev": true
    },
    "node_modules/@biomejs/cli-darwin-arm64": {
      "version": "2.5.13",
      "dev": true,
      "optional": true,
      "os": [
        "darwin"
      ],
      "cpu": [
        "arm64"
      ]
    },
    "node_modules/@biomejs/cli-darwin-x64": {
      "version": "2.5.13",
      "dev": true,
      "optional": true,
      "os": [
        "darwin"
      ],
      "cpu": [
        "x64"
      ]
    },
    "node_modules/@biomejs/cli-linux-arm64": {
      "version": "2.5.13",
      "dev": true,
      "optional": true,
      "os": [
        "linux"
      ],
      "cpu": [
        "arm64"
      ]
    },
    "node_modules/@biomejs/cli-linux-x64": {
      "version": "2.5.13",
      "dev": true,
      "optional": true,
      "os": [
        "linux"
      ],
      "cpu": [
        "x64"
      ]
    },
    "node_modules/@esbuild/darwin-arm64": {
      "version": "0.28.2",
      "dev": true,
      "optional": true,
      "os": [
        "darwin"
      ],
      "cpu": [
        "arm64"
      ]
    },
    "node_modules/@esbuild/darwin-x64": {
      "version": "0.28.2",
      "dev": true,
      "optional": true,
      "os": [
        "darwin"
      ],
      "cpu": [
        "x64"
      ]
    },
    "node_modules/@esbuild/linux-arm64": {
      "version": "0.28.2",
      "dev": true,
      "optional": true,
      "os": [
        "linux"
      ],
      "cpu": [
        "arm64"
      ]
    },
    "node_modules/@esbuild/linux-x64": {
      "version": "0.28.2",
      "dev": true,
      "optional": true,
      "os": [
        "linux"
      ],
      "cpu": [
        "x64"
      ]
    }
  }
}
